// !$*UTF8*$!
{
	archiveVersion = 1;
	classes = {
	};
	objectVersion = 46;
	objects = {

/* Begin PBXBuildFile section */
		D47C1C8E1CFBF231005E3395 /* AppDelegate.swift in Sources */ = {isa = PBXBuildFile; fileRef = D47C1C8D1CFBF231005E3395 /* AppDelegate.swift */; };
		D47C1C901CFBF231005E3395 /* ViewController.swift in Sources */ = {isa = PBXBuildFile; fileRef = D47C1C8F1CFBF231005E3395 /* ViewController.swift */; };
		D47C1C931CFBF231005E3395 /* Main.storyboard in Resources */ = {isa = PBXBuildFile; fileRef = D47C1C911CFBF231005E3395 /* Main.storyboard */; };
		D47C1C951CFBF231005E3395 /* Assets.xcassets in Resources */ = {isa = PBXBuildFile; fileRef = D47C1C941CFBF231005E3395 /* Assets.xcassets */; };
		D47C1C981CFBF231005E3395 /* LaunchScreen.storyboard in Resources */ = {isa = PBXBuildFile; fileRef = D47C1C961CFBF231005E3395 /* LaunchScreen.storyboard */; };
		D47C1CA31CFBF231005E3395 /* RandomColorTextInputIosAppTests.swift in Sources */ = {isa = PBXBuildFile; fileRef = D47C1CA21CFBF231005E3395 /* RandomColorTextInputIosAppTests.swift */; };
		D47C1CAE1CFBF231005E3395 /* RandomColorTextInputIosAppUITests.swift in Sources */ = {isa = PBXBuildFile; fileRef = D47C1CAD1CFBF231005E3395 /* RandomColorTextInputIosAppUITests.swift */; };
/* End PBXBuildFile section */

/* Begin PBXContainerItemProxy section */
		D47C1C9F1CFBF231005E3395 /* PBXContainerItemProxy */ = {
			isa = PBXContainerItemProxy;
			containerPortal = D47C1C821CFBF231005E3395 /* Project object */;
			proxyType = 1;
			remoteGlobalIDString = D47C1C891CFBF231005E3395;
			remoteInfo = RandomColorTextInputIosApp;
		};
		D47C1CAA1CFBF231005E3395 /* PBXContainerItemProxy */ = {
			isa = PBXContainerItemProxy;
			containerPortal = D47C1C821CFBF231005E3395 /* Project object */;
			proxyType = 1;
			remoteGlobalIDString = D47C1C891CFBF231005E3395;
			remoteInfo = RandomColorTextInputIosApp;
		};
/* End PBXContainerItemProxy section */

/* Begin PBXFileReference section */
		D47C1C8A1CFBF231005E3395 /* RandomColorTextInputIosApp.app */ = {isa = PBXFileReference; explicitFileType = wrapper.application; includeInIndex = 0; path = RandomColorTextInputIosApp.app; sourceTree = BUILT_PRODUCTS_DIR; };
		D47C1C8D1CFBF231005E3395 /* AppDelegate.swift */ = {isa = PBXFileReference; lastKnownFileType = sourcecode.swift; path = AppDelegate.swift; sourceTree = "<group>"; };
		D47C1C8F1CFBF231005E3395 /* ViewController.swift */ = {isa = PBXFileReference; lastKnownFileType = sourcecode.swift; path = ViewController.swift; sourceTree = "<group>"; };
		D47C1C921CFBF231005E3395 /* Base */ = {isa = PBXFileReference; lastKnownFileType = file.storyboard; name = Base; path = Base.lproj/Main.storyboard; sourceTree = "<group>"; };
		D47C1C941CFBF231005E3395 /* Assets.xcassets */ = {isa = PBXFileReference; lastKnownFileType = folder.assetcatalog; path = Assets.xcassets; sourceTree = "<group>"; };
		D47C1C971CFBF231005E3395 /* Base */ = {isa = PBXFileReference; lastKnownFileType = file.storyboard; name = Base; path = Base.lproj/LaunchScreen.storyboard; sourceTree = "<group>"; };
		D47C1C991CFBF231005E3395 /* Info.plist */ = {isa = PBXFileReference; lastKnownFileType = text.plist.xml; path = Info.plist; sourceTree = "<group>"; };
		D47C1C9E1CFBF231005E3395 /* RandomColorTextInputIosAppTests.xctest */ = {isa = PBXFileReference; explicitFileType = wrapper.cfbundle; includeInIndex = 0; path = RandomColorTextInputIosAppTests.xctest; sourceTree = BUILT_PRODUCTS_DIR; };
		D47C1CA21CFBF231005E3395 /* RandomColorTextInputIosAppTests.swift */ = {isa = PBXFileReference; lastKnownFileType = sourcecode.swift; path = RandomColorTextInputIosAppTests.swift; sourceTree = "<group>"; };
		D47C1CA41CFBF231005E3395 /* Info.plist */ = {isa = PBXFileReference; lastKnownFileType = text.plist.xml; path = Info.plist; sourceTree = "<group>"; };
		D47C1CA91CFBF231005E3395 /* RandomColorTextInputIosAppUITests.xctest */ = {isa = PBXFileReference; explicitFileType = wrapper.cfbundle; includeInIndex = 0; path = RandomColorTextInputIosAppUITests.xctest; sourceTree = BUILT_PRODUCTS_DIR; };
		D47C1CAD1CFBF231005E3395 /* RandomColorTextInputIosAppUITests.swift */ = {isa = PBXFileReference; lastKnownFileType = sourcecode.swift; path = RandomColorTextInputIosAppUITests.swift; sourceTree = "<group>"; };
		D47C1CAF1CFBF231005E3395 /* Info.plist */ = {isa = PBXFileReference; lastKnownFileType = text.plist.xml; path = Info.plist; sourceTree = "<group>"; };
/* End PBXFileReference section */

/* Begin PBXFrameworksBuildPhase section */
		D47C1C871CFBF231005E3395 /* Frameworks */ = {
			isa = PBXFrameworksBuildPhase;
			buildActionMask = 2147483647;
			files = (
			);
			runOnlyForDeploymentPostprocessing = 0;
		};
		D47C1C9B1CFBF231005E3395 /* Frameworks */ = {
			isa = PBXFrameworksBuildPhase;
			buildActionMask = 2147483647;
			files = (
			);
			runOnlyForDeploymentPostprocessing = 0;
		};
		D47C1CA61CFBF231005E3395 /* Frameworks */ = {
			isa = PBXFrameworksBuildPhase;
			buildActionMask = 2147483647;
			files = (
			);
			runOnlyForDeploymentPostprocessing = 0;
		};
/* End PBXFrameworksBuildPhase section */

/* Begin PBXGroup section */
		D47C1C811CFBF231005E3395 = {
			isa = PBXGroup;
			children = (
				D47C1C8C1CFBF231005E3395 /* RandomColorTextInputIosApp */,
				D47C1CA11CFBF231005E3395 /* RandomColorTextInputIosAppTests */,
				D47C1CAC1CFBF231005E3395 /* RandomColorTextInputIosAppUITests */,
				D47C1C8B1CFBF231005E3395 /* Products */,
			);
			sourceTree = "<group>";
		};
		D47C1C8B1CFBF231005E3395 /* Products */ = {
			isa = PBXGroup;
			children = (
				D47C1C8A1CFBF231005E3395 /* RandomColorTextInputIosApp.app */,
				D47C1C9E1CFBF231005E3395 /* RandomColorTextInputIosAppTests.xctest */,
				D47C1CA91CFBF231005E3395 /* RandomColorTextInputIosAppUITests.xctest */,
			);
			name = Products;
			sourceTree = "<group>";
		};
		D47C1C8C1CFBF231005E3395 /* RandomColorTextInputIosApp */ = {
			isa = PBXGroup;
			children = (
				D47C1C8D1CFBF231005E3395 /* AppDelegate.swift */,
				D47C1C8F1CFBF231005E3395 /* ViewController.swift */,
				D47C1C911CFBF231005E3395 /* Main.storyboard */,
				D47C1C941CFBF231005E3395 /* Assets.xcassets */,
				D47C1C961CFBF231005E3395 /* LaunchScreen.storyboard */,
				D47C1C991CFBF231005E3395 /* Info.plist */,
			);
			path = RandomColorTextInputIosApp;
			sourceTree = "<group>";
		};
		D47C1CA11CFBF231005E3395 /* RandomColorTextInputIosAppTests */ = {
			isa = PBXGroup;
			children = (
				D47C1CA21CFBF231005E3395 /* RandomColorTextInputIosAppTests.swift */,
				D47C1CA41CFBF231005E3395 /* Info.plist */,
			);
			path = RandomColorTextInputIosAppTests;
			sourceTree = "<group>";
		};
		D47C1CAC1CFBF231005E3395 /* RandomColorTextInputIosAppUITests */ = {
			isa = PBXGroup;
			children = (
				D47C1CAD1CFBF231005E3395 /* RandomColorTextInputIosAppUITests.swift */,
				D47C1CAF1CFBF231005E3395 /* Info.plist */,
			);
			path = RandomColorTextInputIosAppUITests;
			sourceTree = "<group>";
		};
/* End PBXGroup section */

/* Begin PBXNativeTarget section */
		D47C1C891CFBF231005E3395 /* RandomColorTextInputIosApp */ = {
			isa = PBXNativeTarget;
			buildConfigurationList = D47C1CB21CFBF231005E3395 /* Build configuration list for PBXNativeTarget "RandomColorTextInputIosApp" */;
			buildPhases = (
				D47C1C861CFBF231005E3395 /* Sources */,
				D47C1C871CFBF231005E3395 /* Frameworks */,
				D47C1C881CFBF231005E3395 /* Resources */,
			);
			buildRules = (
			);
			dependencies = (
			);
			name = RandomColorTextInputIosApp;
			productName = RandomColorTextInputIosApp;
			productReference = D47C1C8A1CFBF231005E3395 /* RandomColorTextInputIosApp.app */;
			productType = "com.apple.product-type.application";
		};
		D47C1C9D1CFBF231005E3395 /* RandomColorTextInputIosAppTests */ = {
			isa = PBXNativeTarget;
			buildConfigurationList = D47C1CB51CFBF231005E3395 /* Build configuration list for PBXNativeTarget "RandomColorTextInputIosAppTests" */;
			buildPhases = (
				D47C1C9A1CFBF231005E3395 /* Sources */,
				D47C1C9B1CFBF231005E3395 /* Frameworks */,
				D47C1C9C1CFBF231005E3395 /* Resources */,
			);
			buildRules = (
			);
			dependencies = (
				D47C1CA01CFBF231005E3395 /* PBXTargetDependency */,
			);
			name = RandomColorTextInputIosAppTests;
			productName = RandomColorTextInputIosAppTests;
			productReference = D47C1C9E1CFBF231005E3395 /* RandomColorTextInputIosAppTests.xctest */;
			productType = "com.apple.product-type.bundle.unit-test";
		};
		D47C1CA81CFBF231005E3395 /* RandomColorTextInputIosAppUITests */ = {
			isa = PBXNativeTarget;
			buildConfigurationList = D47C1CB81CFBF231005E3395 /* Build configuration list for PBXNativeTarget "RandomColorTextInputIosAppUITests" */;
			buildPhases = (
				D47C1CA51CFBF231005E3395 /* Sources */,
				D47C1CA61CFBF231005E3395 /* Frameworks */,
				D47C1CA71CFBF231005E3395 /* Resources */,
			);
			buildRules = (
			);
			dependencies = (
				D47C1CAB1CFBF231005E3395 /* PBXTargetDependency */,
			);
			name = RandomColorTextInputIosAppUITests;
			productName = RandomColorTextInputIosAppUITests;
			productReference = D47C1CA91CFBF231005E3395 /* RandomColorTextInputIosAppUITests.xctest */;
			productType = "com.apple.product-type.bundle.ui-testing";
		};
/* End PBXNativeTarget section */

/* Begin PBXProject section */
		D47C1C821CFBF231005E3395 /* Project object */ = {
			isa = PBXProject;
			attributes = {
				LastSwiftUpdateCheck = 0730;
				LastUpgradeCheck = 0730;
				ORGANIZATIONNAME = "Gerardo Teruel";
				TargetAttributes = {
					D47C1C891CFBF231005E3395 = {
						CreatedOnToolsVersion = 7.3.1;
					};
					D47C1C9D1CFBF231005E3395 = {
						CreatedOnToolsVersion = 7.3.1;
						TestTargetID = D47C1C891CFBF231005E3395;
					};
					D47C1CA81CFBF231005E3395 = {
						CreatedOnToolsVersion = 7.3.1;
						TestTargetID = D47C1C891CFBF231005E3395;
					};
				};
			};
			buildConfigurationList = D47C1C851CFBF231005E3395 /* Build configuration list for PBXProject "RandomColorTextInputIosApp" */;
			compatibilityVersion = "Xcode 3.2";
			developmentRegion = English;
			hasScannedForEncodings = 0;
			knownRegions = (
				en,
				Base,
			);
			mainGroup = D47C1C811CFBF231005E3395;
			productRefGroup = D47C1C8B1CFBF231005E3395 /* Products */;
			projectDirPath = "";
			projectRoot = "";
			targets = (
				D47C1C891CFBF231005E3395 /* RandomColorTextInputIosApp */,
				D47C1C9D1CFBF231005E3395 /* RandomColorTextInputIosAppTests */,
				D47C1CA81CFBF231005E3395 /* RandomColorTextInputIosAppUITests */,
			);
		};
/* End PBXProject section */

/* Begin PBXResourcesBuildPhase section */
		D47C1C881CFBF231005E3395 /* Resources */ = {
			isa = PBXResourcesBuildPhase;
			buildActionMask = 2147483647;
			files = (
				D47C1C981CFBF231005E3395 /* LaunchScreen.storyboard in Resources */,
				D47C1C951CFBF231005E3395 /* Assets.xcassets in Resources */,
				D47C1C931CFBF231005E3395 /* Main.storyboard in Resources */,
			);
			runOnlyForDeploymentPostprocessing = 0;
		};
		D47C1C9C1CFBF231005E3395 /* Resources */ = {
			isa = PBXResourcesBuildPhase;
			buildActionMask = 2147483647;
			files = (
			);
			runOnlyForDeploymentPostprocessing = 0;
		};
		D47C1CA71CFBF231005E3395 /* Resources */ = {
			isa = PBXResourcesBuildPhase;
			buildActionMask = 2147483647;
			files = (
			);
			runOnlyForDeploymentPostprocessing = 0;
		};
/* End PBXResourcesBuildPhase section */

/* Begin PBXSourcesBuildPhase section */
		D47C1C861CFBF231005E3395 /* Sources */ = {
			isa = PBXSourcesBuildPhase;
			buildActionMask = 2147483647;
			files = (
				D47C1C901CFBF231005E3395 /* ViewController.swift in Sources */,
				D47C1C8E1CFBF231005E3395 /* AppDelegate.swift in Sources */,
			);
			runOnlyForDeploymentPostprocessing = 0;
		};
		D47C1C9A1CFBF231005E3395 /* Sources */ = {
			isa = PBXSourcesBuildPhase;
			buildActionMask = 2147483647;
			files = (
				D47C1CA31CFBF231005E3395 /* RandomColorTextInputIosAppTests.swift in Sources */,
			);
			runOnlyForDeploymentPostprocessing = 0;
		};
		D47C1CA51CFBF231005E3395 /* Sources */ = {
			isa = PBXSourcesBuildPhase;
			buildActionMask = 2147483647;
			files = (
				D47C1CAE1CFBF231005E3395 /* RandomColorTextInputIosAppUITests.swift in Sources */,
			);
			runOnlyForDeploymentPostprocessing = 0;
		};
/* End PBXSourcesBuildPhase section */

/* Begin PBXTargetDependency section */
		D47C1CA01CFBF231005E3395 /* PBXTargetDependency */ = {
			isa = PBXTargetDependency;
			target = D47C1C891CFBF231005E3395 /* RandomColorTextInputIosApp */;
			targetProxy = D47C1C9F1CFBF231005E3395 /* PBXContainerItemProxy */;
		};
		D47C1CAB1CFBF231005E3395 /* PBXTargetDependency */ = {
			isa = PBXTargetDependency;
			target = D47C1C891CFBF231005E3395 /* RandomColorTextInputIosApp */;
			targetProxy = D47C1CAA1CFBF231005E3395 /* PBXContainerItemProxy */;
		};
/* End PBXTargetDependency section */

/* Begin PBXVariantGroup section */
		D47C1C911CFBF231005E3395 /* Main.storyboard */ = {
			isa = PBXVariantGroup;
			children = (
				D47C1C921CFBF231005E3395 /* Base */,
			);
			name = Main.storyboard;
			sourceTree = "<group>";
		};
		D47C1C961CFBF231005E3395 /* LaunchScreen.storyboard */ = {
			isa = PBXVariantGroup;
			children = (
				D47C1C971CFBF231005E3395 /* Base */,
			);
			name = LaunchScreen.storyboard;
			sourceTree = "<group>";
		};
/* End PBXVariantGroup section */

/* Begin XCBuildConfiguration section */
		D47C1CB01CFBF231005E3395 /* Debug */ = {
			isa = XCBuildConfiguration;
			buildSettings = {
				ALWAYS_SEARCH_USER_PATHS = NO;
				CLANG_ANALYZER_NONNULL = YES;
				CLANG_CXX_LANGUAGE_STANDARD = "gnu++0x";
				CLANG_CXX_LIBRARY = "libc++";
				CLANG_ENABLE_MODULES = YES;
				CLANG_ENABLE_OBJC_ARC = YES;
				CLANG_WARN_BOOL_CONVERSION = YES;
				CLANG_WARN_CONSTANT_CONVERSION = YES;
				CLANG_WARN_DIRECT_OBJC_ISA_USAGE = YES_ERROR;
				CLANG_WARN_EMPTY_BODY = YES;
				CLANG_WARN_ENUM_CONVERSION = YES;
				CLANG_WARN_INT_CONVERSION = YES;
				CLANG_WARN_OBJC_ROOT_CLASS = YES_ERROR;
				CLANG_WARN_UNREACHABLE_CODE = YES;
				CLANG_WARN__DUPLICATE_METHOD_MATCH = YES;
				"CODE_SIGN_IDENTITY[sdk=iphoneos*]" = "iPhone Developer";
				COPY_PHASE_STRIP = NO;
				DEBUG_INFORMATION_FORMAT = dwarf;
				ENABLE_STRICT_OBJC_MSGSEND = YES;
				ENABLE_TESTABILITY = YES;
				GCC_C_LANGUAGE_STANDARD = gnu99;
				GCC_DYNAMIC_NO_PIC = NO;
				GCC_NO_COMMON_BLOCKS = YES;
				GCC_OPTIMIZATION_LEVEL = 0;
				GCC_PREPROCESSOR_DEFINITIONS = (
					"DEBUG=1",
					"$(inherited)",
				);
				GCC_WARN_64_TO_32_BIT_CONVERSION = YES;
				GCC_WARN_ABOUT_RETURN_TYPE = YES_ERROR;
				GCC_WARN_UNDECLARED_SELECTOR = YES;
				GCC_WARN_UNINITIALIZED_AUTOS = YES_AGGRESSIVE;
				GCC_WARN_UNUSED_FUNCTION = YES;
				GCC_WARN_UNUSED_VARIABLE = YES;
				IPHONEOS_DEPLOYMENT_TARGET = 9.3;
				MTL_ENABLE_DEBUG_INFO = YES;
				ONLY_ACTIVE_ARCH = YES;
				SDKROOT = iphoneos;
				SWIFT_OPTIMIZATION_LEVEL = "-Onone";
				TARGETED_DEVICE_FAMILY = "1,2";
			};
			name = Debug;
		};
		D47C1CB11CFBF231005E3395 /* Release */ = {
			isa = XCBuildConfiguration;
			buildSettings = {
				ALWAYS_SEARCH_USER_PATHS = NO;
				CLANG_ANALYZER_NONNULL = YES;
				CLANG_CXX_LANGUAGE_STANDARD = "gnu++0x";
				CLANG_CXX_LIBRARY = "libc++";
				CLANG_ENABLE_MODULES = YES;
				CLANG_ENABLE_OBJC_ARC = YES;
				CLANG_WARN_BOOL_CONVERSION = YES;
				CLANG_WARN_CONSTANT_CONVERSION = YES;
				CLANG_WARN_DIRECT_OBJC_ISA_USAGE = YES_ERROR;
				CLANG_WARN_EMPTY_BODY = YES;
				CLANG_WARN_ENUM_CONVERSION = YES;
				CLANG_WARN_INT_CONVERSION = YES;
				CLANG_WARN_OBJC_ROOT_CLASS = YES_ERROR;
				CLANG_WARN_UNREACHABLE_CODE = YES;
				CLANG_WARN__DUPLICATE_METHOD_MATCH = YES;
				"CODE_SIGN_IDENTITY[sdk=iphoneos*]" = "iPhone Developer";
				COPY_PHASE_STRIP = NO;
				DEBUG_INFORMATION_FORMAT = "dwarf-with-dsym";
				ENABLE_NS_ASSERTIONS = NO;
				ENABLE_STRICT_OBJC_MSGSEND = YES;
				GCC_C_LANGUAGE_STANDARD = gnu99;
				GCC_NO_COMMON_BLOCKS = YES;
				GCC_WARN_64_TO_32_BIT_CONVERSION = YES;
				GCC_WARN_ABOUT_RETURN_TYPE = YES_ERROR;
				GCC_WARN_UNDECLARED_SELECTOR = YES;
				GCC_WARN_UNINITIALIZED_AUTOS = YES_AGGRESSIVE;
				GCC_WARN_UNUSED_FUNCTION = YES;
				GCC_WARN_UNUSED_VARIABLE = YES;
				IPHONEOS_DEPLOYMENT_TARGET = 9.3;
				MTL_ENABLE_DEBUG_INFO = NO;
				SDKROOT = iphoneos;
				TARGETED_DEVICE_FAMILY = "1,2";
				VALIDATE_PRODUCT = YES;
			};
			name = Release;
		};
		D47C1CB31CFBF231005E3395 /* Debug */ = {
			isa = XCBuildConfiguration;
			buildSettings = {
				ASSETCATALOG_COMPILER_APPICON_NAME = AppIcon;
				INFOPLIST_FILE = RandomColorTextInputIosApp/Info.plist;
				LD_RUNPATH_SEARCH_PATHS = "$(inherited) @executable_path/Frameworks";
				PRODUCT_BUNDLE_IDENTIFIER = com.gerardogtn.RandomColorTextInputIosApp;
				PRODUCT_NAME = "$(TARGET_NAME)";
			};
			name = Debug;
		};
		D47C1CB41CFBF231005E3395 /* Release */ = {
			isa = XCBuildConfiguration;
			buildSettings = {
				ASSETCATALOG_COMPILER_APPICON_NAME = AppIcon;
				INFOPLIST_FILE = RandomColorTextInputIosApp/Info.plist;
				LD_RUNPATH_SEARCH_PATHS = "$(inherited) @executable_path/Frameworks";
				PRODUCT_BUNDLE_IDENTIFIER = com.gerardogtn.RandomColorTextInputIosApp;
				PRODUCT_NAME = "$(TARGET_NAME)";
			};
			name = Release;
		};
		D47C1CB61CFBF231005E3395 /* Debug */ = {
			isa = XCBuildConfiguration;
			buildSettings = {
				BUNDLE_LOADER = "$(TEST_HOST)";
				INFOPLIST_FILE = RandomColorTextInputIosAppTests/Info.plist;
				LD_RUNPATH_SEARCH_PATHS = "$(inherited) @executable_path/Frameworks @loader_path/Frameworks";
				PRODUCT_BUNDLE_IDENTIFIER = com.gerardogtn.RandomColorTextInputIosAppTests;
				PRODUCT_NAME = "$(TARGET_NAME)";
				TEST_HOST = "$(BUILT_PRODUCTS_DIR)/RandomColorTextInputIosApp.app/RandomColorTextInputIosApp";
			};
			name = Debug;
		};
		D47C1CB71CFBF231005E3395 /* Release */ = {
			isa = XCBuildConfiguration;
			buildSettings = {
				BUNDLE_LOADER = "$(TEST_HOST)";
				INFOPLIST_FILE = RandomColorTextInputIosAppTests/Info.plist;
				LD_RUNPATH_SEARCH_PATHS = "$(inherited) @executable_path/Frameworks @loader_path/Frameworks";
				PRODUCT_BUNDLE_IDENTIFIER = com.gerardogtn.RandomColorTextInputIosAppTests;
				PRODUCT_NAME = "$(TARGET_NAME)";
				TEST_HOST = "$(BUILT_PRODUCTS_DIR)/RandomColorTextInputIosApp.app/RandomColorTextInputIosApp";
			};
			name = Release;
		};
		D47C1CB91CFBF231005E3395 /* Debug */ = {
			isa = XCBuildConfiguration;
			buildSettings = {
				INFOPLIST_FILE = RandomColorTextInputIosAppUITests/Info.plist;
				LD_RUNPATH_SEARCH_PATHS = "$(inherited) @executable_path/Frameworks @loader_path/Frameworks";
				PRODUCT_BUNDLE_IDENTIFIER = com.gerardogtn.RandomColorTextInputIosAppUITests;
				PRODUCT_NAME = "$(TARGET_NAME)";
				TEST_TARGET_NAME = RandomColorTextInputIosApp;
			};
			name = Debug;
		};
		D47C1CBA1CFBF231005E3395 /* Release */ = {
			isa = XCBuildConfiguration;
			buildSettings = {
				INFOPLIST_FILE = RandomColorTextInputIosAppUITests/Info.plist;
				LD_RUNPATH_SEARCH_PATHS = "$(inherited) @executable_path/Frameworks @loader_path/Frameworks";
				PRODUCT_BUNDLE_IDENTIFIER = com.gerardogtn.RandomColorTextInputIosAppUITests;
				PRODUCT_NAME = "$(TARGET_NAME)";
				TEST_TARGET_NAME = RandomColorTextInputIosApp;
			};
			name = Release;
		};
/* End XCBuildConfiguration section */

/* Begin XCConfigurationList section */
		D47C1C851CFBF231005E3395 /* Build configuration list for PBXProject "RandomColorTextInputIosApp" */ = {
			isa = XCConfigurationList;
			buildConfigurations = (
				D47C1CB01CFBF231005E3395 /* Debug */,
				D47C1CB11CFBF231005E3395 /* Release */,
			);
			defaultConfigurationIsVisible = 0;
			defaultConfigurationName = Release;
		};
		D47C1CB21CFBF231005E3395 /* Build configuration list for PBXNativeTarget "RandomColorTextInputIosApp" */ = {
			isa = XCConfigurationList;
			buildConfigurations = (
				D47C1CB31CFBF231005E3395 /* Debug */,
				D47C1CB41CFBF231005E3395 /* Release */,
			);
			defaultConfigurationIsVisible = 0;
		};
		D47C1CB51CFBF231005E3395 /* Build configuration list for PBXNativeTarget "RandomColorTextInputIosAppTests" */ = {
			isa = XCConfigurationList;
			buildConfigurations = (
				D47C1CB61CFBF231005E3395 /* Debug */,
				D47C1CB71CFBF231005E3395 /* Release */,
			);
			defaultConfigurationIsVisible = 0;
		};
		D47C1CB81CFBF231005E3395 /* Build configuration list for PBXNativeTarget "RandomColorTextInputIosAppUITests" */ = {
			isa = XCConfigurationList;
			buildConfigurations = (
				D47C1CB91CFBF231005E3395 /* Debug */,
				D47C1CBA1CFBF231005E3395 /* Release */,
			);
			defaultConfigurationIsVisible = 0;
		};
/* End XCConfigurationList section */
	};
	rootObject = D47C1C821CFBF231005E3395 /* Project object */;
}
